
Microsoft Visual Studio Solution File, Format Version 12.00
# Visual Studio 15
VisualStudioVersion = 15.0.28307.779
MinimumVisualStudioVersion = 10.0.40219.1
Project("{FAE04EC0-301F-11D3-BF4B-00C04F79EFBC}") = "MVCHCL.Day1", "MVCHCL.Day1\MVCHCL.Day1.csproj", "{DD5C6A73-725C-4DFD-9E5F-4EEAAC361C05}"
EndProject
Project("{FAE04EC0-301F-11D3-BF4B-00C04F79EFBC}") = "MVCHCL.Day1.Tests", "MVCHCL.Day1.Tests\MVCHCL.Day1.Tests.csproj", "{82DDE3D4-E443-4728-BE30-8FED6271E6CE}"
EndProject
Global
	GlobalSection(SolutionConfigurationPlatforms) = preSolution
		Debug|Any CPU = Debug|Any CPU
		Release|Any CPU = Release|Any CPU
	EndGlobalSection
	GlobalSection(ProjectConfigurationPlatforms) = postSolution
		{DD5C6A73-725C-4DFD-9E5F-4EEAAC361C05}.Debug|Any CPU.ActiveCfg = Debug|Any CPU
		{DD5C6A73-725C-4DFD-9E5F-4EEAAC361C05}.Debug|Any CPU.Build.0 = Debug|Any CPU
		{DD5C6A73-725C-4DFD-9E5F-4EEAAC361C05}.Release|Any CPU.ActiveCfg = Release|Any CPU
		{DD5C6A73-725C-4DFD-9E5F-4EEAAC361C05}.Release|Any CPU.Build.0 = Release|Any CPU
		{82DDE3D4-E443-4728-BE30-8FED6271E6CE}.Debug|Any CPU.ActiveCfg = Debug|Any CPU
		{82DDE3D4-E443-4728-BE30-8FED6271E6CE}.Debug|Any CPU.Build.0 = Debug|Any CPU
		{82DDE3D4-E443-4728-BE30-8FED6271E6CE}.Release|Any CPU.ActiveCfg = Release|Any CPU
		{82DDE3D4-E443-4728-BE30-8FED6271E6CE}.Release|Any CPU.Build.0 = Release|Any CPU
	EndGlobalSection
	GlobalSection(SolutionProperties) = preSolution
		HideSolutionNode = FALSE
	EndGlobalSection
	GlobalSection(ExtensibilityGlobals) = postSolution
		SolutionGuid = {E55DAB16-075F-42C6-9C64-8B659D8D1C51}
	EndGlobalSection
EndGlobal
